
Microsoft Visual Studio Solution File, Format Version 12.00
# Visual Studio Version 16
VisualStudioVersion = 16.0.29020.237
MinimumVisualStudioVersion = 10.0.40219.1
Project("{9A19103F-16F7-4668-BE54-9A1E7A4F7556}") = "HiFi.WebApplication", "HiFi.WebApplication\HiFi.WebApplication.csproj", "{829371C1-0EF5-48C3-B2F3-E70D910C009B}"
EndProject
Project("{9A19103F-16F7-4668-BE54-9A1E7A4F7556}") = "HiFi.Data", "HiFi.Data\HiFi.Data.csproj", "{C16DA060-BAEA-45AC-92A4-AF20D75026FD}"
EndProject
Project("{FAE04EC0-301F-11D3-BF4B-00C04F79EFBC}") = "HiFi.Common", "HiFi.Common\HiFi.Common.csproj", "{F781C50A-03DF-40E1-9CD3-4F62680FF4E3}"
EndProject
Global
	GlobalSection(SolutionConfigurationPlatforms) = preSolution
		Debug|Any CPU = Debug|Any CPU
		Release|Any CPU = Release|Any CPU
	EndGlobalSection
	GlobalSection(ProjectConfigurationPlatforms) = postSolution
		{829371C1-0EF5-48C3-B2F3-E70D910C009B}.Debug|Any CPU.ActiveCfg = Debug|Any CPU
		{829371C1-0EF5-48C3-B2F3-E70D910C009B}.Debug|Any CPU.Build.0 = Debug|Any CPU
		{829371C1-0EF5-48C3-B2F3-E70D910C009B}.Release|Any CPU.ActiveCfg = Release|Any CPU
		{829371C1-0EF5-48C3-B2F3-E70D910C009B}.Release|Any CPU.Build.0 = Release|Any CPU
		{C16DA060-BAEA-45AC-92A4-AF20D75026FD}.Debug|Any CPU.ActiveCfg = Debug|Any CPU
		{C16DA060-BAEA-45AC-92A4-AF20D75026FD}.Debug|Any CPU.Build.0 = Debug|Any CPU
		{C16DA060-BAEA-45AC-92A4-AF20D75026FD}.Release|Any CPU.ActiveCfg = Release|Any CPU
		{C16DA060-BAEA-45AC-92A4-AF20D75026FD}.Release|Any CPU.Build.0 = Release|Any CPU
		{F781C50A-03DF-40E1-9CD3-4F62680FF4E3}.Debug|Any CPU.ActiveCfg = Debug|Any CPU
		{F781C50A-03DF-40E1-9CD3-4F62680FF4E3}.Debug|Any CPU.Build.0 = Debug|Any CPU
		{F781C50A-03DF-40E1-9CD3-4F62680FF4E3}.Release|Any CPU.ActiveCfg = Release|Any CPU
		{F781C50A-03DF-40E1-9CD3-4F62680FF4E3}.Release|Any CPU.Build.0 = Release|Any CPU
	EndGlobalSection
	GlobalSection(SolutionProperties) = preSolution
		HideSolutionNode = FALSE
	EndGlobalSection
	GlobalSection(ExtensibilityGlobals) = postSolution
		SolutionGuid = {47AF2099-A695-4051-9027-15D24249FA05}
	EndGlobalSection
EndGlobal
